PODS:
  - Alamofire (4.9.1)
  - AlamofireNetworkActivityIndicator (2.4.0):
    - Alamofire (~> 4.8)
  - KeychainAccess (4.2.0)
  - Kingfisher (5.3.1)
  - MarketPlaceKit (1.0.7):
    - Alamofire (<= 4.9.1)
    - AlamofireNetworkActivityIndicator (~> 2.4.0)
    - KeychainAccess (<= 4.2.0)
    - Kingfisher
    - TPKeyboardAvoiding (~> 1.3)
  - MCIKit (1.5.2):
    - Alamofire (<= 4.9.1)
    - AlamofireNetworkActivityIndicator (~> 2.4.0)
    - KeychainAccess (<= 4.2.0)
    - Kingfisher
    - SwiftyRSA
    - TPKeyboardAvoiding (~> 1.3)
  - PayKit (1.0.7):
    - Alamofire (<= 4.9.1)
    - AlamofireNetworkActivityIndicator (~> 2.4.0)
    - KeychainAccess (<= 4.2.0)
    - Kingfisher
    - TPKeyboardAvoiding (~> 1.3)
  - SwiftyRSA (1.5.0):
    - SwiftyRSA/ObjC (= 1.5.0)
  - SwiftyRSA/ObjC (1.5.0)
  - TPKeyboardAvoiding (1.3.4)
  - WithdrawalKit (1.0.7):
    - Alamofire (<= 4.9.1)
    - AlamofireNetworkActivityIndicator (~> 2.4.0)
    - KeychainAccess (<= 4.2.0)
    - Kingfisher
    - TPKeyboardAvoiding (~> 1.3)

DEPENDENCIES:
  - Kingfisher (from `https://github.com/onevcat/Kingfisher`, branch `ios9`)
  - MarketPlaceKit (from `https://github.com/merci-app/marketplacekit-podspec`, tag `1.0.7`)
  - MCIKit (from `https://github.com/merci-app/mcikit-podspec`, tag `1.5.2`)
  - PayKit (from `https://github.com/merci-app/paykit-podspec`, tag `1.0.7`)
  - WithdrawalKit (from `https://github.com/merci-app/withdrawalkit-podspec`, tag `1.0.7`)

SPEC REPOS:
  https://cdn.cocoapods.org/:
    - Alamofire
    - AlamofireNetworkActivityIndicator
    - KeychainAccess
    - SwiftyRSA
    - TPKeyboardAvoiding

EXTERNAL SOURCES:
  Kingfisher:
    :branch: ios9
    :git: https://github.com/onevcat/Kingfisher
  MarketPlaceKit:
    :git: https://github.com/merci-app/marketplacekit-podspec
    :tag: 1.0.7
  MCIKit:
    :git: https://github.com/merci-app/mcikit-podspec
    :tag: 1.5.2
  PayKit:
    :git: https://github.com/merci-app/paykit-podspec
    :tag: 1.0.7
  WithdrawalKit:
    :git: https://github.com/merci-app/withdrawalkit-podspec
    :tag: 1.0.7

CHECKOUT OPTIONS:
  Kingfisher:
    :commit: f966176a1eb6147c7ac8ba4958a6e960e455616f
    :git: https://github.com/onevcat/Kingfisher
  MarketPlaceKit:
    :git: https://github.com/merci-app/marketplacekit-podspec
    :tag: 1.0.7
  MCIKit:
    :git: https://github.com/merci-app/mcikit-podspec
    :tag: 1.5.2
  PayKit:
    :git: https://github.com/merci-app/paykit-podspec
    :tag: 1.0.7
  WithdrawalKit:
    :git: https://github.com/merci-app/withdrawalkit-podspec
    :tag: 1.0.7

SPEC CHECKSUMS:
  Alamofire: 85e8a02c69d6020a0d734f6054870d7ecb75cf18
  AlamofireNetworkActivityIndicator: 9acc3de3ca6645bf0efed462396b0df13dd3e7b8
  KeychainAccess: 3f760109aa99b05d0f231e28b22642da7153e38a
  Kingfisher: 10a7e4a46cee34711cdbf72a14d5a830ccb3aca1
  MarketPlaceKit: 734c679fcd750791b81b68f95f687fb61c54bd66
  MCIKit: d98a538c1094a7b9f4e297a1f13cda7a9004e04e
  PayKit: 874fc3f7dd79e422e0daba12e88630af22dcf850
  SwiftyRSA: 6e528fb1b1a87d5111c48081083b141d6d65f1cf
  TPKeyboardAvoiding: 7c2187e2338052b2c5be4a8052f297fdb124e261
  WithdrawalKit: bfa5fa9c99131d15a060147a87debebbe3383596

PODFILE CHECKSUM: 90be0bd512dada96ece372f050021287078887c7

COCOAPODS: 1.9.3
